
Microsoft Visual Studio Solution File, Format Version 12.00
# Visual Studio Version 17
VisualStudioVersion = 17.4.33403.182
MinimumVisualStudioVersion = 10.0.40219.1
Project("{FAE04EC0-301F-11D3-BF4B-00C04F79EFBC}") = "WpfApp1", "WpfApp1\WpfApp1.csproj", "{036A1534-1806-4EA4-A250-0F19417266DE}"
EndProject
Global
	GlobalSection(SolutionConfigurationPlatforms) = preSolution
		Debug|Any CPU = Debug|Any CPU
		Release|Any CPU = Release|Any CPU
	EndGlobalSection
	GlobalSection(ProjectConfigurationPlatforms) = postSolution
		{036A1534-1806-4EA4-A250-0F19417266DE}.Debug|Any CPU.ActiveCfg = Debug|Any CPU
		{036A1534-1806-4EA4-A250-0F19417266DE}.Debug|Any CPU.Build.0 = Debug|Any CPU
		{036A1534-1806-4EA4-A250-0F19417266DE}.Release|Any CPU.ActiveCfg = Release|Any CPU
		{036A1534-1806-4EA4-A250-0F19417266DE}.Release|Any CPU.Build.0 = Release|Any CPU
	EndGlobalSection
	GlobalSection(SolutionProperties) = preSolution
		HideSolutionNode = FALSE
	EndGlobalSection
	GlobalSection(ExtensibilityGlobals) = postSolution
		SolutionGuid = {DB259A1D-CA03-4260-9993-A280DC5F8D6C}
	EndGlobalSection
EndGlobal
